{
    "_readme": [
        "This file locks the dependencies of your project to a known state",
        "Read more about it at https://getcomposer.org/doc/01-basic-usage.md#installing-dependencies",
        "This file is @generated automatically"
    ],
    "content-hash": "2c9a9990de52a32c39a7f68b0e132b8d",
    "packages": [
        {
            "name": "composer/installers",
            "version": "v1.8.0",
            "source": {
                "type": "git",
                "url": "https://github.com/composer/installers.git",
                "reference": "7d610d50aae61ae7ed6675e58efeabdf279bb5e3"
            },
            "dist": {
                "type": "zip",
                "url": "https://api.github.com/repos/composer/installers/zipball/7d610d50aae61ae7ed6675e58efeabdf279bb5e3",
                "reference": "7d610d50aae61ae7ed6675e58efeabdf279bb5e3",
                "shasum": ""
            },
            "require": {
                "composer-plugin-api": "^1.0"
            },
            "replace": {
                "roundcube/plugin-installer": "*",
                "shama/baton": "*"
            },
            "require-dev": {
                "composer/composer": "1.0.*@dev",
                "phpunit/phpunit": "^4.8.36"
            },
            "type": "composer-plugin",
            "extra": {
                "class": "Composer\\Installers\\Plugin",
                "branch-alias": {
                    "dev-master": "1.0-dev"
                }
            },
            "autoload": {
                "psr-4": {
                    "Composer\\Installers\\": "src/Composer/Installers"
                }
            },
            "notification-url": "https://packagist.org/downloads/",
            "license": [
                "MIT"
            ],
            "authors": [
                {
                    "name": "Kyle Robinson Young",
                    "email": "kyle@dontkry.com",
                    "homepage": "https://github.com/shama"
                }
            ],
            "description": "A multi-framework Composer library installer",
            "homepage": "https://composer.github.io/installers/",
            "keywords": [
                "Craft",
                "Dolibarr",
                "Eliasis",
                "Hurad",
                "ImageCMS",
                "Kanboard",
                "Lan Management System",
                "MODX Evo",
                "MantisBT",
                "Mautic",
                "Maya",
                "OXID",
                "Plentymarkets",
                "Porto",
                "RadPHP",
                "SMF",
                "Thelia",
                "Whmcs",
                "WolfCMS",
                "agl",
                "aimeos",
                "annotatecms",
                "attogram",
                "bitrix",
                "cakephp",
                "chef",
                "cockpit",
                "codeigniter",
                "concrete5",
                "croogo",
                "dokuwiki",
                "drupal",
                "eZ Platform",
                "elgg",
                "expressionengine",
                "fuelphp",
                "grav",
                "installer",
                "itop",
                "joomla",
                "known",
                "kohana",
                "laravel",
                "lavalite",
                "lithium",
                "magento",
                "majima",
                "mako",
                "mediawiki",
                "modulework",
                "modx",
                "moodle",
                "osclass",
                "phpbb",
                "piwik",
                "ppi",
                "puppet",
                "pxcms",
                "reindex",
                "roundcube",
                "shopware",
                "silverstripe",
                "sydes",
                "sylius",
                "symfony",
                "typo3",
                "wordpress",
                "yawik",
                "zend",
                "zikula"
            ],
            "time": "2020-02-07T10:39:20+00:00"
        },
        {
            "name": "johnpbloch/wordpress",
            "version": "5.3.2",
            "source": {
                "type": "git",
                "url": "https://github.com/johnpbloch/wordpress.git",
                "reference": "a463d27a25d317c270e93f7259e2b138287bf8c4"
            },
            "dist": {
                "type": "zip",
                "url": "https://api.github.com/repos/johnpbloch/wordpress/zipball/a463d27a25d317c270e93f7259e2b138287bf8c4",
                "reference": "a463d27a25d317c270e93f7259e2b138287bf8c4",
                "shasum": ""
            },
            "require": {
                "johnpbloch/wordpress-core": "5.3.2",
                "johnpbloch/wordpress-core-installer": "^1.0",
                "php": ">=5.6.20"
            },
            "type": "package",
            "notification-url": "https://packagist.org/downloads/",
            "license": [
                "GPL-2.0+"
            ],
            "authors": [
                {
                    "name": "WordPress Community",
                    "homepage": "http://wordpress.org/about/"
                }
            ],
            "description": "WordPress is open source software you can use to create a beautiful website, blog, or app.",
            "homepage": "http://wordpress.org/",
            "keywords": [
                "blog",
                "cms",
                "wordpress"
            ],
            "time": "2019-12-18T22:32:20+00:00"
        },
        {
            "name": "johnpbloch/wordpress-core",
            "version": "5.3.2",
            "source": {
                "type": "git",
                "url": "https://github.com/johnpbloch/wordpress-core.git",
                "reference": "a282ab0051fac21d4e0cdd828519e6739743ba92"
            },
            "dist": {
                "type": "zip",
                "url": "https://api.github.com/repos/johnpbloch/wordpress-core/zipball/a282ab0051fac21d4e0cdd828519e6739743ba92",
                "reference": "a282ab0051fac21d4e0cdd828519e6739743ba92",
                "shasum": ""
            },
            "require": {
                "php": ">=5.6.20"
            },
            "provide": {
                "wordpress/core-implementation": "5.3.2"
            },
            "type": "wordpress-core",
            "notification-url": "https://packagist.org/downloads/",
            "license": [
                "GPL-2.0-or-later"
            ],
            "authors": [
                {
                    "name": "WordPress Community",
                    "homepage": "http://wordpress.org/about/"
                }
            ],
            "description": "WordPress is open source software you can use to create a beautiful website, blog, or app.",
            "homepage": "http://wordpress.org/",
            "keywords": [
                "blog",
                "cms",
                "wordpress"
            ],
            "time": "2019-12-18T22:32:15+00:00"
        },
        {
            "name": "johnpbloch/wordpress-core-installer",
            "version": "1.0.2",
            "source": {
                "type": "git",
                "url": "https://github.com/johnpbloch/wordpress-core-installer.git",
                "reference": "fd12f5cfe27223b92b0f4bbc097059eb23cc56c4"
            },
            "dist": {
                "type": "zip",
                "url": "https://api.github.com/repos/johnpbloch/wordpress-core-installer/zipball/fd12f5cfe27223b92b0f4bbc097059eb23cc56c4",
                "reference": "fd12f5cfe27223b92b0f4bbc097059eb23cc56c4",
                "shasum": ""
            },
            "require": {
                "composer-plugin-api": "^1.0"
            },
            "conflict": {
                "composer/installers": "<1.0.6"
            },
            "require-dev": {
                "composer/composer": "^1.0",
                "phpunit/phpunit": ">=4.8.35"
            },
            "type": "composer-plugin",
            "extra": {
                "class": "johnpbloch\\Composer\\WordPressCorePlugin"
            },
            "autoload": {
                "psr-0": {
                    "johnpbloch\\Composer\\": "src/"
                }
            },
            "notification-url": "https://packagist.org/downloads/",
            "license": [
                "GPL-2.0-or-later"
            ],
            "authors": [
                {
                    "name": "John P. Bloch",
                    "email": "me@johnpbloch.com"
                }
            ],
            "description": "A custom installer to handle deploying WordPress with composer",
            "keywords": [
                "wordpress"
            ],
            "time": "2018-11-09T20:10:38+00:00"
        },
        {
            "name": "nickmccally/ticker-symbol",
            "version": "dev-master",
            "source": {
                "type": "git",
                "url": "https://github.com/nickmccally/ticker-symbol.git",
                "reference": "2da7dd33679143589091925d70781220175cc8f3"
            },
            "dist": {
                "type": "zip",
                "url": "https://api.github.com/repos/nickmccally/ticker-symbol/zipball/2da7dd33679143589091925d70781220175cc8f3",
                "reference": "2da7dd33679143589091925d70781220175cc8f3",
                "shasum": ""
            },
            "require": {
                "composer/installers": "^1.5",
                "johnpbloch/wordpress": "*",
                "johnpbloch/wordpress-core": "*"
            },
            "type": "wordpress-plugin",
            "license": [
                "GPL-2.0"
            ],
            "description": "Adds ticker symbol shortcode and function to pull data from rest API's",
            "homepage": "https://github.com/nickmccally/ticker-symbol",
            "support": {
                "source": "https://github.com/nickmccally/ticker-symbol/tree/master",
                "issues": "https://github.com/nickmccally/ticker-symbol/issues"
            },
            "time": "2020-02-10T15:34:20+00:00"
        },
        {
            "name": "nickmccally/wordpress-bootstrap-demo",
            "version": "dev-master",
            "source": {
                "type": "git",
                "url": "https://github.com/nickmccally/WordPress-Bootstrap-Demo.git",
                "reference": "71fc98d753eee2e6a7a2d4f491ca76f382773143"
            },
            "dist": {
                "type": "zip",
                "url": "https://api.github.com/repos/nickmccally/WordPress-Bootstrap-Demo/zipball/71fc98d753eee2e6a7a2d4f491ca76f382773143",
                "reference": "71fc98d753eee2e6a7a2d4f491ca76f382773143",
                "shasum": ""
            },
            "require": {
                "composer/installers": "^1.5",
                "johnpbloch/wordpress": "*",
                "johnpbloch/wordpress-core": "*"
            },
            "require-dev": {
                "dealerdirect/phpcodesniffer-composer-installer": "^0.5.0",
                "phpcompatibility/php-compatibility": "^9.2",
                "wp-coding-standards/wpcs": "^2.1"
            },
            "type": "wordpress-theme",
            "scripts": {
                "test": [
                    "vendor/bin/phpcs"
                ],
                "fix": [
                    "vendor/bin/phpcbf"
                ]
            },
            "license": [
                "GPL-2.0"
            ],
            "description": "Combines Automattic´s Underscores Starter Theme and Bootstrap 4",
            "homepage": "https://github.com/nickmccally/WordPress-Bootstrap-Demo",
            "keywords": [
                "bootstrap",
                "theme",
                "wordpress"
            ],
            "support": {
                "source": "https://github.com/nickmccally/WordPress-Bootstrap-Demo/tree/master",
                "issues": "https://github.com/nickmccally/WordPress-Bootstrap-Demo/issues"
            },
            "time": "2020-02-10T15:20:20+00:00"
        },
        {
            "name": "nickmccally/wp-custom-post-type-pagination",
            "version": "dev-master",
            "source": {
                "type": "git",
                "url": "https://github.com/nickmccally/wp-custom-post-type-pagination.git",
                "reference": "341266e1576b658e6700c3309e975b142cbf0da0"
            },
            "dist": {
                "type": "zip",
                "url": "https://api.github.com/repos/nickmccally/wp-custom-post-type-pagination/zipball/341266e1576b658e6700c3309e975b142cbf0da0",
                "reference": "341266e1576b658e6700c3309e975b142cbf0da0",
                "shasum": ""
            },
            "require": {
                "composer/installers": "^1.5",
                "johnpbloch/wordpress": "*",
                "johnpbloch/wordpress-core": "*",
                "nickmccally/ticker-symbol": "dev-master"
            },
            "type": "wordpress-plugin",
            "license": [
                "GPL-2.0"
            ],
            "description": "Show paginated custom post types as a widget",
            "homepage": "https://github.com/nickmccally/wp-custom-post-type-pagination",
            "support": {
                "source": "https://github.com/nickmccally/wp-custom-post-type-pagination/tree/master",
                "issues": "https://github.com/nickmccally/wp-custom-post-type-pagination/issues"
            },
            "time": "2020-02-10T15:41:03+00:00"
        },
        {
            "name": "wpackagist-plugin/advanced-custom-fields",
            "version": "5.8.7",
            "source": {
                "type": "svn",
                "url": "https://plugins.svn.wordpress.org/advanced-custom-fields/",
                "reference": "tags/5.8.7"
            },
            "dist": {
                "type": "zip",
                "url": "https://downloads.wordpress.org/plugin/advanced-custom-fields.5.8.7.zip"
            },
            "require": {
                "composer/installers": "~1.0"
            },
            "type": "wordpress-plugin",
            "homepage": "https://wordpress.org/plugins/advanced-custom-fields/"
        },
        {
            "name": "wpackagist-plugin/custom-post-type-ui",
            "version": "1.7.3",
            "source": {
                "type": "svn",
                "url": "https://plugins.svn.wordpress.org/custom-post-type-ui/",
                "reference": "tags/1.7.3"
            },
            "dist": {
                "type": "zip",
                "url": "https://downloads.wordpress.org/plugin/custom-post-type-ui.1.7.3.zip"
            },
            "require": {
                "composer/installers": "~1.0"
            },
            "type": "wordpress-plugin",
            "homepage": "https://wordpress.org/plugins/custom-post-type-ui/"
        },
        {
            "name": "wpackagist-plugin/font-awesome",
            "version": "4.0.0-rc13",
            "source": {
                "type": "svn",
                "url": "https://plugins.svn.wordpress.org/font-awesome/",
                "reference": "tags/4.0.0-rc13"
            },
            "dist": {
                "type": "zip",
                "url": "https://downloads.wordpress.org/plugin/font-awesome.4.0.0-rc13.zip"
            },
            "require": {
                "composer/installers": "~1.0"
            },
            "type": "wordpress-plugin",
            "homepage": "https://wordpress.org/plugins/font-awesome/"
        }
    ],
    "packages-dev": [],
    "aliases": [],
    "minimum-stability": "stable",
    "stability-flags": {
        "wpackagist-plugin/font-awesome": 5,
        "nickmccally/wordpress-bootstrap-demo": 20,
        "nickmccally/wp-custom-post-type-pagination": 20,
        "nickmccally/ticker-symbol": 20
    },
    "prefer-stable": false,
    "prefer-lowest": false,
    "platform": [],
    "platform-dev": []
}
